// !$*UTF8*$!
{
	archiveVersion = 1;
	classes = {
	};
	objectVersion = 46;
	objects = {

/* Begin PBXBuildFile section */
		8308729C1CE0CBE80004E37C /* HashTable.cpp in Sources */ = {isa = PBXBuildFile; fileRef = 8308729A1CE0CBE80004E37C /* HashTable.cpp */; };
		8308729F1CE0D2500004E37C /* HashNode.cpp in Sources */ = {isa = PBXBuildFile; fileRef = 8308729D1CE0D2500004E37C /* HashNode.cpp */; };
		839D66781C99A51500677286 /* NodeController.cpp in Sources */ = {isa = PBXBuildFile; fileRef = 839D666A1C99A51500677286 /* NodeController.cpp */; };
		839D66791C99A51500677286 /* NodeRunner.cpp in Sources */ = {isa = PBXBuildFile; fileRef = 839D666C1C99A51500677286 /* NodeRunner.cpp */; };
		839D667A1C99A51500677286 /* ArrayNode.cpp in Sources */ = {isa = PBXBuildFile; fileRef = 839D666E1C99A51500677286 /* ArrayNode.cpp */; };
		839D667B1C99A51500677286 /* CTECArray.cpp in Sources */ = {isa = PBXBuildFile; fileRef = 839D66701C99A51500677286 /* CTECArray.cpp */; };
		839D667C1C99A51500677286 /* CTECList.cpp in Sources */ = {isa = PBXBuildFile; fileRef = 839D66721C99A51500677286 /* CTECList.cpp */; };
		839D667D1C99A51500677286 /* Node.cpp in Sources */ = {isa = PBXBuildFile; fileRef = 839D66741C99A51500677286 /* Node.cpp */; };
		839D667E1C99A51500677286 /* Timer.cpp in Sources */ = {isa = PBXBuildFile; fileRef = 839D66761C99A51500677286 /* Timer.cpp */; };
		839E159A1CBBE774006DFA29 /* TreeNode.cpp in Sources */ = {isa = PBXBuildFile; fileRef = 839E15981CBBE774006DFA29 /* TreeNode.cpp */; };
		839E159D1CBBF9E5006DFA29 /* BinaryTree.cpp in Sources */ = {isa = PBXBuildFile; fileRef = 839E159B1CBBF9E5006DFA29 /* BinaryTree.cpp */; };
		83B899321CCE59C200FD7152 /* Graph.cpp in Sources */ = {isa = PBXBuildFile; fileRef = 83B899301CCE59C200FD7152 /* Graph.cpp */; };
/* End PBXBuildFile section */

/* Begin PBXCopyFilesBuildPhase section */
		839D665D1C99A44700677286 /* CopyFiles */ = {
			isa = PBXCopyFilesBuildPhase;
			buildActionMask = 2147483647;
			dstPath = /usr/share/man/man1/;
			dstSubfolderSpec = 0;
			files = (
			);
			runOnlyForDeploymentPostprocessing = 1;
		};
/* End PBXCopyFilesBuildPhase section */

/* Begin PBXFileReference section */
		8308729A1CE0CBE80004E37C /* HashTable.cpp */ = {isa = PBXFileReference; fileEncoding = 4; lastKnownFileType = sourcecode.cpp.cpp; path = HashTable.cpp; sourceTree = "<group>"; };
		8308729B1CE0CBE80004E37C /* HashTable.hpp */ = {isa = PBXFileReference; fileEncoding = 4; lastKnownFileType = sourcecode.cpp.h; path = HashTable.hpp; sourceTree = "<group>"; };
		8308729D1CE0D2500004E37C /* HashNode.cpp */ = {isa = PBXFileReference; fileEncoding = 4; lastKnownFileType = sourcecode.cpp.cpp; path = HashNode.cpp; sourceTree = "<group>"; };
		8308729E1CE0D2500004E37C /* HashNode.hpp */ = {isa = PBXFileReference; fileEncoding = 4; lastKnownFileType = sourcecode.cpp.h; path = HashNode.hpp; sourceTree = "<group>"; };
		839D665F1C99A44700677286 /* NodesInXCode */ = {isa = PBXFileReference; explicitFileType = "compiled.mach-o.executable"; includeInIndex = 0; path = NodesInXCode; sourceTree = BUILT_PRODUCTS_DIR; };
		839D666A1C99A51500677286 /* NodeController.cpp */ = {isa = PBXFileReference; fileEncoding = 4; lastKnownFileType = sourcecode.cpp.cpp; path = NodeController.cpp; sourceTree = "<group>"; };
		839D666B1C99A51500677286 /* NodeController.h */ = {isa = PBXFileReference; fileEncoding = 4; lastKnownFileType = sourcecode.c.h; path = NodeController.h; sourceTree = "<group>"; };
		839D666C1C99A51500677286 /* NodeRunner.cpp */ = {isa = PBXFileReference; fileEncoding = 4; lastKnownFileType = sourcecode.cpp.cpp; path = NodeRunner.cpp; sourceTree = "<group>"; };
		839D666E1C99A51500677286 /* ArrayNode.cpp */ = {isa = PBXFileReference; fileEncoding = 4; lastKnownFileType = sourcecode.cpp.cpp; path = ArrayNode.cpp; sourceTree = "<group>"; };
		839D666F1C99A51500677286 /* ArrayNode.h */ = {isa = PBXFileReference; fileEncoding = 4; lastKnownFileType = sourcecode.c.h; path = ArrayNode.h; sourceTree = "<group>"; };
		839D66701C99A51500677286 /* CTECArray.cpp */ = {isa = PBXFileReference; fileEncoding = 4; lastKnownFileType = sourcecode.cpp.cpp; path = CTECArray.cpp; sourceTree = "<group>"; };
		839D66711C99A51500677286 /* CTECArray.h */ = {isa = PBXFileReference; fileEncoding = 4; lastKnownFileType = sourcecode.c.h; path = CTECArray.h; sourceTree = "<group>"; };
		839D66721C99A51500677286 /* CTECList.cpp */ = {isa = PBXFileReference; fileEncoding = 4; lastKnownFileType = sourcecode.cpp.cpp; path = CTECList.cpp; sourceTree = "<group>"; };
		839D66731C99A51500677286 /* CTECList.h */ = {isa = PBXFileReference; fileEncoding = 4; lastKnownFileType = sourcecode.c.h; path = CTECList.h; sourceTree = "<group>"; };
		839D66741C99A51500677286 /* Node.cpp */ = {isa = PBXFileReference; fileEncoding = 4; lastKnownFileType = sourcecode.cpp.cpp; path = Node.cpp; sourceTree = "<group>"; };
		839D66751C99A51500677286 /* Node.h */ = {isa = PBXFileReference; fileEncoding = 4; lastKnownFileType = sourcecode.c.h; path = Node.h; sourceTree = "<group>"; };
		839D66761C99A51500677286 /* Timer.cpp */ = {isa = PBXFileReference; fileEncoding = 4; lastKnownFileType = sourcecode.cpp.cpp; path = Timer.cpp; sourceTree = "<group>"; };
		839D66771C99A51500677286 /* Timer.h */ = {isa = PBXFileReference; fileEncoding = 4; lastKnownFileType = sourcecode.c.h; path = Timer.h; sourceTree = "<group>"; };
		839E15981CBBE774006DFA29 /* TreeNode.cpp */ = {isa = PBXFileReference; fileEncoding = 4; lastKnownFileType = sourcecode.cpp.cpp; path = TreeNode.cpp; sourceTree = "<group>"; };
		839E15991CBBE774006DFA29 /* TreeNode.hpp */ = {isa = PBXFileReference; fileEncoding = 4; lastKnownFileType = sourcecode.cpp.h; path = TreeNode.hpp; sourceTree = "<group>"; };
		839E159B1CBBF9E5006DFA29 /* BinaryTree.cpp */ = {isa = PBXFileReference; fileEncoding = 4; lastKnownFileType = sourcecode.cpp.cpp; path = BinaryTree.cpp; sourceTree = "<group>"; };
		839E159C1CBBF9E5006DFA29 /* BinaryTree.hpp */ = {isa = PBXFileReference; fileEncoding = 4; lastKnownFileType = sourcecode.cpp.h; path = BinaryTree.hpp; sourceTree = "<group>"; };
		83B899301CCE59C200FD7152 /* Graph.cpp */ = {isa = PBXFileReference; fileEncoding = 4; lastKnownFileType = sourcecode.cpp.cpp; path = Graph.cpp; sourceTree = "<group>"; };
		83B899311CCE59C200FD7152 /* Graph.hpp */ = {isa = PBXFileReference; fileEncoding = 4; lastKnownFileType = sourcecode.cpp.h; path = Graph.hpp; sourceTree = "<group>"; };
/* End PBXFileReference section */

/* Begin PBXFrameworksBuildPhase section */
		839D665C1C99A44700677286 /* Frameworks */ = {
			isa = PBXFrameworksBuildPhase;
			buildActionMask = 2147483647;
			files = (
			);
			runOnlyForDeploymentPostprocessing = 0;
		};
/* End PBXFrameworksBuildPhase section */

/* Begin PBXGroup section */
		839D66561C99A44700677286 = {
			isa = PBXGroup;
			children = (
				839D66691C99A51500677286 /* Controller */,
				839D666D1C99A51500677286 /* Model */,
				839D66611C99A44700677286 /* NodesInXCode */,
				839D66601C99A44700677286 /* Products */,
			);
			sourceTree = "<group>";
		};
		839D66601C99A44700677286 /* Products */ = {
			isa = PBXGroup;
			children = (
				839D665F1C99A44700677286 /* NodesInXCode */,
			);
			name = Products;
			sourceTree = "<group>";
		};
		839D66611C99A44700677286 /* NodesInXCode */ = {
			isa = PBXGroup;
			children = (
			);
			path = NodesInXCode;
			sourceTree = "<group>";
		};
		839D66691C99A51500677286 /* Controller */ = {
			isa = PBXGroup;
			children = (
				839D666A1C99A51500677286 /* NodeController.cpp */,
				839D666B1C99A51500677286 /* NodeController.h */,
				839D666C1C99A51500677286 /* NodeRunner.cpp */,
			);
			path = Controller;
			sourceTree = "<group>";
		};
		839D666D1C99A51500677286 /* Model */ = {
			isa = PBXGroup;
			children = (
				839D666E1C99A51500677286 /* ArrayNode.cpp */,
				839D666F1C99A51500677286 /* ArrayNode.h */,
				839D66701C99A51500677286 /* CTECArray.cpp */,
				839D66711C99A51500677286 /* CTECArray.h */,
				839D66721C99A51500677286 /* CTECList.cpp */,
				839D66731C99A51500677286 /* CTECList.h */,
				839D66741C99A51500677286 /* Node.cpp */,
				839D66751C99A51500677286 /* Node.h */,
				839D66761C99A51500677286 /* Timer.cpp */,
				839D66771C99A51500677286 /* Timer.h */,
				839E15981CBBE774006DFA29 /* TreeNode.cpp */,
				839E15991CBBE774006DFA29 /* TreeNode.hpp */,
				839E159B1CBBF9E5006DFA29 /* BinaryTree.cpp */,
				839E159C1CBBF9E5006DFA29 /* BinaryTree.hpp */,
				83B899301CCE59C200FD7152 /* Graph.cpp */,
				83B899311CCE59C200FD7152 /* Graph.hpp */,
				8308729A1CE0CBE80004E37C /* HashTable.cpp */,
				8308729B1CE0CBE80004E37C /* HashTable.hpp */,
				8308729D1CE0D2500004E37C /* HashNode.cpp */,
				8308729E1CE0D2500004E37C /* HashNode.hpp */,
			);
			path = Model;
			sourceTree = "<group>";
		};
/* End PBXGroup section */

/* Begin PBXNativeTarget section */
		839D665E1C99A44700677286 /* NodesInXCode */ = {
			isa = PBXNativeTarget;
			buildConfigurationList = 839D66661C99A44700677286 /* Build configuration list for PBXNativeTarget "NodesInXCode" */;
			buildPhases = (
				839D665B1C99A44700677286 /* Sources */,
				839D665C1C99A44700677286 /* Frameworks */,
				839D665D1C99A44700677286 /* CopyFiles */,
			);
			buildRules = (
			);
			dependencies = (
			);
			name = NodesInXCode;
			productName = NodesInXCode;
			productReference = 839D665F1C99A44700677286 /* NodesInXCode */;
			productType = "com.apple.product-type.tool";
		};
/* End PBXNativeTarget section */

/* Begin PBXProject section */
		839D66571C99A44700677286 /* Project object */ = {
			isa = PBXProject;
			attributes = {
				LastUpgradeCheck = 0720;
				ORGANIZATIONNAME = "Burnett, Jordan";
				TargetAttributes = {
					839D665E1C99A44700677286 = {
						CreatedOnToolsVersion = 7.2;
					};
				};
			};
			buildConfigurationList = 839D665A1C99A44700677286 /* Build configuration list for PBXProject "NodesInXCode" */;
			compatibilityVersion = "Xcode 3.2";
			developmentRegion = English;
			hasScannedForEncodings = 0;
			knownRegions = (
				en,
			);
			mainGroup = 839D66561C99A44700677286;
			productRefGroup = 839D66601C99A44700677286 /* Products */;
			projectDirPath = "";
			projectRoot = "";
			targets = (
				839D665E1C99A44700677286 /* NodesInXCode */,
			);
		};
/* End PBXProject section */

/* Begin PBXSourcesBuildPhase section */
		839D665B1C99A44700677286 /* Sources */ = {
			isa = PBXSourcesBuildPhase;
			buildActionMask = 2147483647;
			files = (
				839D667D1C99A51500677286 /* Node.cpp in Sources */,
				839D66781C99A51500677286 /* NodeController.cpp in Sources */,
				839D667E1C99A51500677286 /* Timer.cpp in Sources */,
				839E159A1CBBE774006DFA29 /* TreeNode.cpp in Sources */,
				83B899321CCE59C200FD7152 /* Graph.cpp in Sources */,
				839D66791C99A51500677286 /* NodeRunner.cpp in Sources */,
				839E159D1CBBF9E5006DFA29 /* BinaryTree.cpp in Sources */,
				839D667A1C99A51500677286 /* ArrayNode.cpp in Sources */,
				839D667C1C99A51500677286 /* CTECList.cpp in Sources */,
				8308729C1CE0CBE80004E37C /* HashTable.cpp in Sources */,
				839D667B1C99A51500677286 /* CTECArray.cpp in Sources */,
				8308729F1CE0D2500004E37C /* HashNode.cpp in Sources */,
			);
			runOnlyForDeploymentPostprocessing = 0;
		};
/* End PBXSourcesBuildPhase section */

/* Begin XCBuildConfiguration section */
		839D66641C99A44700677286 /* Debug */ = {
			isa = XCBuildConfiguration;
			buildSettings = {
				ALWAYS_SEARCH_USER_PATHS = NO;
				CLANG_CXX_LANGUAGE_STANDARD = "gnu++0x";
				CLANG_CXX_LIBRARY = "libc++";
				CLANG_ENABLE_MODULES = YES;
				CLANG_ENABLE_OBJC_ARC = YES;
				CLANG_WARN_BOOL_CONVERSION = YES;
				CLANG_WARN_CONSTANT_CONVERSION = YES;
				CLANG_WARN_DIRECT_OBJC_ISA_USAGE = YES_ERROR;
				CLANG_WARN_EMPTY_BODY = YES;
				CLANG_WARN_ENUM_CONVERSION = YES;
				CLANG_WARN_INT_CONVERSION = YES;
				CLANG_WARN_OBJC_ROOT_CLASS = YES_ERROR;
				CLANG_WARN_UNREACHABLE_CODE = YES;
				CLANG_WARN__DUPLICATE_METHOD_MATCH = YES;
				CODE_SIGN_IDENTITY = "-";
				COPY_PHASE_STRIP = NO;
				DEBUG_INFORMATION_FORMAT = dwarf;
				ENABLE_STRICT_OBJC_MSGSEND = YES;
				ENABLE_TESTABILITY = YES;
				GCC_C_LANGUAGE_STANDARD = gnu99;
				GCC_DYNAMIC_NO_PIC = NO;
				GCC_NO_COMMON_BLOCKS = YES;
				GCC_OPTIMIZATION_LEVEL = 0;
				GCC_PREPROCESSOR_DEFINITIONS = (
					"DEBUG=1",
					"$(inherited)",
				);
				GCC_WARN_64_TO_32_BIT_CONVERSION = YES;
				GCC_WARN_ABOUT_RETURN_TYPE = YES_ERROR;
				GCC_WARN_UNDECLARED_SELECTOR = YES;
				GCC_WARN_UNINITIALIZED_AUTOS = YES_AGGRESSIVE;
				GCC_WARN_UNUSED_FUNCTION = YES;
				GCC_WARN_UNUSED_VARIABLE = YES;
				MACOSX_DEPLOYMENT_TARGET = 10.10;
				MTL_ENABLE_DEBUG_INFO = YES;
				ONLY_ACTIVE_ARCH = YES;
				SDKROOT = macosx;
			};
			name = Debug;
		};
		839D66651C99A44700677286 /* Release */ = {
			isa = XCBuildConfiguration;
			buildSettings = {
				ALWAYS_SEARCH_USER_PATHS = NO;
				CLANG_CXX_LANGUAGE_STANDARD = "gnu++0x";
				CLANG_CXX_LIBRARY = "libc++";
				CLANG_ENABLE_MODULES = YES;
				CLANG_ENABLE_OBJC_ARC = YES;
				CLANG_WARN_BOOL_CONVERSION = YES;
				CLANG_WARN_CONSTANT_CONVERSION = YES;
				CLANG_WARN_DIRECT_OBJC_ISA_USAGE = YES_ERROR;
				CLANG_WARN_EMPTY_BODY = YES;
				CLANG_WARN_ENUM_CONVERSION = YES;
				CLANG_WARN_INT_CONVERSION = YES;
				CLANG_WARN_OBJC_ROOT_CLASS = YES_ERROR;
				CLANG_WARN_UNREACHABLE_CODE = YES;
				CLANG_WARN__DUPLICATE_METHOD_MATCH = YES;
				CODE_SIGN_IDENTITY = "-";
				COPY_PHASE_STRIP = NO;
				DEBUG_INFORMATION_FORMAT = "dwarf-with-dsym";
				ENABLE_NS_ASSERTIONS = NO;
				ENABLE_STRICT_OBJC_MSGSEND = YES;
				GCC_C_LANGUAGE_STANDARD = gnu99;
				GCC_NO_COMMON_BLOCKS = YES;
				GCC_WARN_64_TO_32_BIT_CONVERSION = YES;
				GCC_WARN_ABOUT_RETURN_TYPE = YES_ERROR;
				GCC_WARN_UNDECLARED_SELECTOR = YES;
				GCC_WARN_UNINITIALIZED_AUTOS = YES_AGGRESSIVE;
				GCC_WARN_UNUSED_FUNCTION = YES;
				GCC_WARN_UNUSED_VARIABLE = YES;
				MACOSX_DEPLOYMENT_TARGET = 10.10;
				MTL_ENABLE_DEBUG_INFO = NO;
				SDKROOT = macosx;
			};
			name = Release;
		};
		839D66671C99A44700677286 /* Debug */ = {
			isa = XCBuildConfiguration;
			buildSettings = {
				PRODUCT_NAME = "$(TARGET_NAME)";
			};
			name = Debug;
		};
		839D66681C99A44700677286 /* Release */ = {
			isa = XCBuildConfiguration;
			buildSettings = {
				PRODUCT_NAME = "$(TARGET_NAME)";
			};
			name = Release;
		};
/* End XCBuildConfiguration section */

/* Begin XCConfigurationList section */
		839D665A1C99A44700677286 /* Build configuration list for PBXProject "NodesInXCode" */ = {
			isa = XCConfigurationList;
			buildConfigurations = (
				839D66641C99A44700677286 /* Debug */,
				839D66651C99A44700677286 /* Release */,
			);
			defaultConfigurationIsVisible = 0;
			defaultConfigurationName = Release;
		};
		839D66661C99A44700677286 /* Build configuration list for PBXNativeTarget "NodesInXCode" */ = {
			isa = XCConfigurationList;
			buildConfigurations = (
				839D66671C99A44700677286 /* Debug */,
				839D66681C99A44700677286 /* Release */,
			);
			defaultConfigurationIsVisible = 0;
			defaultConfigurationName = Release;
		};
/* End XCConfigurationList section */
	};
	rootObject = 839D66571C99A44700677286 /* Project object */;
}
